
Microsoft Visual Studio Solution File, Format Version 12.00
# Visual Studio Version 17
VisualStudioVersion = 17.11.35208.52
MinimumVisualStudioVersion = 10.0.40219.1
Project("{FAE04EC0-301F-11D3-BF4B-00C04F79EFBC}") = "State Pattern", "State Pattern\State Pattern.csproj", "{D5492614-B7F5-4AD0-B135-CC8AF5B3698E}"
EndProject
Global
	GlobalSection(SolutionConfigurationPlatforms) = preSolution
		Debug|Any CPU = Debug|Any CPU
		Release|Any CPU = Release|Any CPU
	EndGlobalSection
	GlobalSection(ProjectConfigurationPlatforms) = postSolution
		{D5492614-B7F5-4AD0-B135-CC8AF5B3698E}.Debug|Any CPU.ActiveCfg = Debug|Any CPU
		{D5492614-B7F5-4AD0-B135-CC8AF5B3698E}.Debug|Any CPU.Build.0 = Debug|Any CPU
		{D5492614-B7F5-4AD0-B135-CC8AF5B3698E}.Release|Any CPU.ActiveCfg = Release|Any CPU
		{D5492614-B7F5-4AD0-B135-CC8AF5B3698E}.Release|Any CPU.Build.0 = Release|Any CPU
	EndGlobalSection
	GlobalSection(SolutionProperties) = preSolution
		HideSolutionNode = FALSE
	EndGlobalSection
	GlobalSection(ExtensibilityGlobals) = postSolution
		SolutionGuid = {5677C867-FF9C-4BD7-A30C-BC82D8A5E661}
	EndGlobalSection
EndGlobal
